// !$*UTF8*$!
{
	archiveVersion = 1;
	classes = {
	};
	objectVersion = 55;
	objects = {

/* Begin PBXBuildFile section */
		F13058FA298ACAF600C7615D /* ModelData.swift in Sources */ = {isa = PBXBuildFile; fileRef = F13058F9298ACAF600C7615D /* ModelData.swift */; };
		F13058FC298ACB6400C7615D /* Row.swift in Sources */ = {isa = PBXBuildFile; fileRef = F13058FB298ACB6400C7615D /* Row.swift */; };
		F1305902298ACE9600C7615D /* RowsView.swift in Sources */ = {isa = PBXBuildFile; fileRef = F1305901298ACE9600C7615D /* RowsView.swift */; };
		F1467490298993C3001E9CD8 /* TrackApp.swift in Sources */ = {isa = PBXBuildFile; fileRef = F146748F298993C3001E9CD8 /* TrackApp.swift */; };
		F1467492298993C3001E9CD8 /* ContentView.swift in Sources */ = {isa = PBXBuildFile; fileRef = F1467491298993C3001E9CD8 /* ContentView.swift */; };
		F1467494298993C5001E9CD8 /* Assets.xcassets in Resources */ = {isa = PBXBuildFile; fileRef = F1467493298993C5001E9CD8 /* Assets.xcassets */; };
		F1467497298993C5001E9CD8 /* Preview Assets.xcassets in Resources */ = {isa = PBXBuildFile; fileRef = F1467496298993C5001E9CD8 /* Preview Assets.xcassets */; };
		F14674A1298993C5001E9CD8 /* TrackTests.swift in Sources */ = {isa = PBXBuildFile; fileRef = F14674A0298993C5001E9CD8 /* TrackTests.swift */; };
		F14674AB298993C5001E9CD8 /* TrackUITests.swift in Sources */ = {isa = PBXBuildFile; fileRef = F14674AA298993C5001E9CD8 /* TrackUITests.swift */; };
		F14674AD298993C5001E9CD8 /* TrackUITestsLaunchTests.swift in Sources */ = {isa = PBXBuildFile; fileRef = F14674AC298993C5001E9CD8 /* TrackUITestsLaunchTests.swift */; };
		F14674BF2989A2BD001E9CD8 /* CoverButtons.swift in Sources */ = {isa = PBXBuildFile; fileRef = F14674BE2989A2BD001E9CD8 /* CoverButtons.swift */; };
		F148B1B8298D70CA008AD592 /* GestureSwipeRight.swift in Sources */ = {isa = PBXBuildFile; fileRef = F148B1B7298D70CA008AD592 /* GestureSwipeRight.swift */; };
		F1681759298C2CEA0088AEEF /* Upper3Chars.json in Resources */ = {isa = PBXBuildFile; fileRef = F1681755298C2CEA0088AEEF /* Upper3Chars.json */; };
		F168175A298C2CEA0088AEEF /* Upper2Chars.json in Resources */ = {isa = PBXBuildFile; fileRef = F1681756298C2CEA0088AEEF /* Upper2Chars.json */; };
		F168175D298C354E0088AEEF /* CharView.swift in Sources */ = {isa = PBXBuildFile; fileRef = F168175C298C354E0088AEEF /* CharView.swift */; };
		F168175F298C36E70088AEEF /* CharRow.swift in Sources */ = {isa = PBXBuildFile; fileRef = F168175E298C36E70088AEEF /* CharRow.swift */; };
		F1681761298C38880088AEEF /* rowsData.json in Resources */ = {isa = PBXBuildFile; fileRef = F1681760298C38880088AEEF /* rowsData.json */; };
		F1681763298C38A00088AEEF /* charRows.json in Resources */ = {isa = PBXBuildFile; fileRef = F1681762298C38A00088AEEF /* charRows.json */; };
/* End PBXBuildFile section */

/* Begin PBXContainerItemProxy section */
		F146749D298993C5001E9CD8 /* PBXContainerItemProxy */ = {
			isa = PBXContainerItemProxy;
			containerPortal = F1467484298993C3001E9CD8 /* Project object */;
			proxyType = 1;
			remoteGlobalIDString = F146748B298993C3001E9CD8;
			remoteInfo = Track;
		};
		F14674A7298993C5001E9CD8 /* PBXContainerItemProxy */ = {
			isa = PBXContainerItemProxy;
			containerPortal = F1467484298993C3001E9CD8 /* Project object */;
			proxyType = 1;
			remoteGlobalIDString = F146748B298993C3001E9CD8;
			remoteInfo = Track;
		};
/* End PBXContainerItemProxy section */

/* Begin PBXFileReference section */
		F13058F9298ACAF600C7615D /* ModelData.swift */ = {isa = PBXFileReference; lastKnownFileType = sourcecode.swift; path = ModelData.swift; sourceTree = "<group>"; };
		F13058FB298ACB6400C7615D /* Row.swift */ = {isa = PBXFileReference; lastKnownFileType = sourcecode.swift; path = Row.swift; sourceTree = "<group>"; };
		F1305901298ACE9600C7615D /* RowsView.swift */ = {isa = PBXFileReference; fileEncoding = 4; lastKnownFileType = sourcecode.swift; path = RowsView.swift; sourceTree = "<group>"; };
		F146748C298993C3001E9CD8 /* Track.app */ = {isa = PBXFileReference; explicitFileType = wrapper.application; includeInIndex = 0; path = Track.app; sourceTree = BUILT_PRODUCTS_DIR; };
		F146748F298993C3001E9CD8 /* TrackApp.swift */ = {isa = PBXFileReference; lastKnownFileType = sourcecode.swift; path = TrackApp.swift; sourceTree = "<group>"; };
		F1467491298993C3001E9CD8 /* ContentView.swift */ = {isa = PBXFileReference; lastKnownFileType = sourcecode.swift; path = ContentView.swift; sourceTree = "<group>"; };
		F1467493298993C5001E9CD8 /* Assets.xcassets */ = {isa = PBXFileReference; lastKnownFileType = folder.assetcatalog; path = Assets.xcassets; sourceTree = "<group>"; };
		F1467496298993C5001E9CD8 /* Preview Assets.xcassets */ = {isa = PBXFileReference; lastKnownFileType = folder.assetcatalog; path = "Preview Assets.xcassets"; sourceTree = "<group>"; };
		F146749C298993C5001E9CD8 /* TrackTests.xctest */ = {isa = PBXFileReference; explicitFileType = wrapper.cfbundle; includeInIndex = 0; path = TrackTests.xctest; sourceTree = BUILT_PRODUCTS_DIR; };
		F14674A0298993C5001E9CD8 /* TrackTests.swift */ = {isa = PBXFileReference; lastKnownFileType = sourcecode.swift; path = TrackTests.swift; sourceTree = "<group>"; };
		F14674A6298993C5001E9CD8 /* TrackUITests.xctest */ = {isa = PBXFileReference; explicitFileType = wrapper.cfbundle; includeInIndex = 0; path = TrackUITests.xctest; sourceTree = BUILT_PRODUCTS_DIR; };
		F14674AA298993C5001E9CD8 /* TrackUITests.swift */ = {isa = PBXFileReference; lastKnownFileType = sourcecode.swift; path = TrackUITests.swift; sourceTree = "<group>"; };
		F14674AC298993C5001E9CD8 /* TrackUITestsLaunchTests.swift */ = {isa = PBXFileReference; lastKnownFileType = sourcecode.swift; path = TrackUITestsLaunchTests.swift; sourceTree = "<group>"; };
		F14674BE2989A2BD001E9CD8 /* CoverButtons.swift */ = {isa = PBXFileReference; fileEncoding = 4; lastKnownFileType = sourcecode.swift; path = CoverButtons.swift; sourceTree = "<group>"; };
		F148B1B7298D70CA008AD592 /* GestureSwipeRight.swift */ = {isa = PBXFileReference; lastKnownFileType = sourcecode.swift; path = GestureSwipeRight.swift; sourceTree = "<group>"; };
		F1681755298C2CEA0088AEEF /* Upper3Chars.json */ = {isa = PBXFileReference; fileEncoding = 4; lastKnownFileType = text.json; path = Upper3Chars.json; sourceTree = "<group>"; };
		F1681756298C2CEA0088AEEF /* Upper2Chars.json */ = {isa = PBXFileReference; fileEncoding = 4; lastKnownFileType = text.json; path = Upper2Chars.json; sourceTree = "<group>"; };
		F168175C298C354E0088AEEF /* CharView.swift */ = {isa = PBXFileReference; lastKnownFileType = sourcecode.swift; path = CharView.swift; sourceTree = "<group>"; };
		F168175E298C36E70088AEEF /* CharRow.swift */ = {isa = PBXFileReference; lastKnownFileType = sourcecode.swift; path = CharRow.swift; sourceTree = "<group>"; };
		F1681760298C38880088AEEF /* rowsData.json */ = {isa = PBXFileReference; fileEncoding = 4; lastKnownFileType = text.json; path = rowsData.json; sourceTree = "<group>"; };
		F1681762298C38A00088AEEF /* charRows.json */ = {isa = PBXFileReference; fileEncoding = 4; lastKnownFileType = text.json; path = charRows.json; sourceTree = "<group>"; };
/* End PBXFileReference section */

/* Begin PBXFrameworksBuildPhase section */
		F1467489298993C3001E9CD8 /* Frameworks */ = {
			isa = PBXFrameworksBuildPhase;
			buildActionMask = 2147483647;
			files = (
			);
			runOnlyForDeploymentPostprocessing = 0;
		};
		F1467499298993C5001E9CD8 /* Frameworks */ = {
			isa = PBXFrameworksBuildPhase;
			buildActionMask = 2147483647;
			files = (
			);
			runOnlyForDeploymentPostprocessing = 0;
		};
		F14674A3298993C5001E9CD8 /* Frameworks */ = {
			isa = PBXFrameworksBuildPhase;
			buildActionMask = 2147483647;
			files = (
			);
			runOnlyForDeploymentPostprocessing = 0;
		};
/* End PBXFrameworksBuildPhase section */

/* Begin PBXGroup section */
		F1467483298993C3001E9CD8 = {
			isa = PBXGroup;
			children = (
				F146748E298993C3001E9CD8 /* Track */,
				F146749F298993C5001E9CD8 /* TrackTests */,
				F14674A9298993C5001E9CD8 /* TrackUITests */,
				F146748D298993C3001E9CD8 /* Products */,
			);
			sourceTree = "<group>";
		};
		F146748D298993C3001E9CD8 /* Products */ = {
			isa = PBXGroup;
			children = (
				F146748C298993C3001E9CD8 /* Track.app */,
				F146749C298993C5001E9CD8 /* TrackTests.xctest */,
				F14674A6298993C5001E9CD8 /* TrackUITests.xctest */,
			);
			name = Products;
			sourceTree = "<group>";
		};
		F146748E298993C3001E9CD8 /* Track */ = {
			isa = PBXGroup;
			children = (
				F146748F298993C3001E9CD8 /* TrackApp.swift */,
				F14674B929899424001E9CD8 /* Views */,
				F14674BA2989942D001E9CD8 /* Models */,
				F14674BB29899434001E9CD8 /* Resources */,
				F1467493298993C5001E9CD8 /* Assets.xcassets */,
				F1467495298993C5001E9CD8 /* Preview Content */,
			);
			path = Track;
			sourceTree = "<group>";
		};
		F1467495298993C5001E9CD8 /* Preview Content */ = {
			isa = PBXGroup;
			children = (
				F1467496298993C5001E9CD8 /* Preview Assets.xcassets */,
			);
			path = "Preview Content";
			sourceTree = "<group>";
		};
		F146749F298993C5001E9CD8 /* TrackTests */ = {
			isa = PBXGroup;
			children = (
				F14674A0298993C5001E9CD8 /* TrackTests.swift */,
			);
			path = TrackTests;
			sourceTree = "<group>";
		};
		F14674A9298993C5001E9CD8 /* TrackUITests */ = {
			isa = PBXGroup;
			children = (
				F14674AA298993C5001E9CD8 /* TrackUITests.swift */,
				F14674AC298993C5001E9CD8 /* TrackUITestsLaunchTests.swift */,
			);
			path = TrackUITests;
			sourceTree = "<group>";
		};
		F14674B929899424001E9CD8 /* Views */ = {
			isa = PBXGroup;
			children = (
				F1305901298ACE9600C7615D /* RowsView.swift */,
				F14674BE2989A2BD001E9CD8 /* CoverButtons.swift */,
				F1467491298993C3001E9CD8 /* ContentView.swift */,
				F168175C298C354E0088AEEF /* CharView.swift */,
				F148B1B7298D70CA008AD592 /* GestureSwipeRight.swift */,
			);
			path = Views;
			sourceTree = "<group>";
		};
		F14674BA2989942D001E9CD8 /* Models */ = {
			isa = PBXGroup;
			children = (
				F13058F9298ACAF600C7615D /* ModelData.swift */,
				F13058FB298ACB6400C7615D /* Row.swift */,
				F168175E298C36E70088AEEF /* CharRow.swift */,
			);
			path = Models;
			sourceTree = "<group>";
		};
		F14674BB29899434001E9CD8 /* Resources */ = {
			isa = PBXGroup;
			children = (
				F1681762298C38A00088AEEF /* charRows.json */,
				F1681760298C38880088AEEF /* rowsData.json */,
				F1681756298C2CEA0088AEEF /* Upper2Chars.json */,
				F1681755298C2CEA0088AEEF /* Upper3Chars.json */,
			);
			path = Resources;
			sourceTree = "<group>";
		};
/* End PBXGroup section */

/* Begin PBXNativeTarget section */
		F146748B298993C3001E9CD8 /* Track */ = {
			isa = PBXNativeTarget;
			buildConfigurationList = F14674B0298993C5001E9CD8 /* Build configuration list for PBXNativeTarget "Track" */;
			buildPhases = (
				F1467488298993C3001E9CD8 /* Sources */,
				F1467489298993C3001E9CD8 /* Frameworks */,
				F146748A298993C3001E9CD8 /* Resources */,
			);
			buildRules = (
			);
			dependencies = (
			);
			name = Track;
			productName = Track;
			productReference = F146748C298993C3001E9CD8 /* Track.app */;
			productType = "com.apple.product-type.application";
		};
		F146749B298993C5001E9CD8 /* TrackTests */ = {
			isa = PBXNativeTarget;
			buildConfigurationList = F14674B3298993C5001E9CD8 /* Build configuration list for PBXNativeTarget "TrackTests" */;
			buildPhases = (
				F1467498298993C5001E9CD8 /* Sources */,
				F1467499298993C5001E9CD8 /* Frameworks */,
				F146749A298993C5001E9CD8 /* Resources */,
			);
			buildRules = (
			);
			dependencies = (
				F146749E298993C5001E9CD8 /* PBXTargetDependency */,
			);
			name = TrackTests;
			productName = TrackTests;
			productReference = F146749C298993C5001E9CD8 /* TrackTests.xctest */;
			productType = "com.apple.product-type.bundle.unit-test";
		};
		F14674A5298993C5001E9CD8 /* TrackUITests */ = {
			isa = PBXNativeTarget;
			buildConfigurationList = F14674B6298993C5001E9CD8 /* Build configuration list for PBXNativeTarget "TrackUITests" */;
			buildPhases = (
				F14674A2298993C5001E9CD8 /* Sources */,
				F14674A3298993C5001E9CD8 /* Frameworks */,
				F14674A4298993C5001E9CD8 /* Resources */,
			);
			buildRules = (
			);
			dependencies = (
				F14674A8298993C5001E9CD8 /* PBXTargetDependency */,
			);
			name = TrackUITests;
			productName = TrackUITests;
			productReference = F14674A6298993C5001E9CD8 /* TrackUITests.xctest */;
			productType = "com.apple.product-type.bundle.ui-testing";
		};
/* End PBXNativeTarget section */

/* Begin PBXProject section */
		F1467484298993C3001E9CD8 /* Project object */ = {
			isa = PBXProject;
			attributes = {
				BuildIndependentTargetsInParallel = 1;
				LastSwiftUpdateCheck = 1340;
				LastUpgradeCheck = 1340;
				TargetAttributes = {
					F146748B298993C3001E9CD8 = {
						CreatedOnToolsVersion = 13.4.1;
					};
					F146749B298993C5001E9CD8 = {
						CreatedOnToolsVersion = 13.4.1;
						TestTargetID = F146748B298993C3001E9CD8;
					};
					F14674A5298993C5001E9CD8 = {
						CreatedOnToolsVersion = 13.4.1;
						TestTargetID = F146748B298993C3001E9CD8;
					};
				};
			};
			buildConfigurationList = F1467487298993C3001E9CD8 /* Build configuration list for PBXProject "Track" */;
			compatibilityVersion = "Xcode 13.0";
			developmentRegion = en;
			hasScannedForEncodings = 0;
			knownRegions = (
				en,
				Base,
			);
			mainGroup = F1467483298993C3001E9CD8;
			productRefGroup = F146748D298993C3001E9CD8 /* Products */;
			projectDirPath = "";
			projectRoot = "";
			targets = (
				F146748B298993C3001E9CD8 /* Track */,
				F146749B298993C5001E9CD8 /* TrackTests */,
				F14674A5298993C5001E9CD8 /* TrackUITests */,
			);
		};
/* End PBXProject section */

/* Begin PBXResourcesBuildPhase section */
		F146748A298993C3001E9CD8 /* Resources */ = {
			isa = PBXResourcesBuildPhase;
			buildActionMask = 2147483647;
			files = (
				F1681761298C38880088AEEF /* rowsData.json in Resources */,
				F1467497298993C5001E9CD8 /* Preview Assets.xcassets in Resources */,
				F1467494298993C5001E9CD8 /* Assets.xcassets in Resources */,
				F1681759298C2CEA0088AEEF /* Upper3Chars.json in Resources */,
				F1681763298C38A00088AEEF /* charRows.json in Resources */,
				F168175A298C2CEA0088AEEF /* Upper2Chars.json in Resources */,
			);
			runOnlyForDeploymentPostprocessing = 0;
		};
		F146749A298993C5001E9CD8 /* Resources */ = {
			isa = PBXResourcesBuildPhase;
			buildActionMask = 2147483647;
			files = (
			);
			runOnlyForDeploymentPostprocessing = 0;
		};
		F14674A4298993C5001E9CD8 /* Resources */ = {
			isa = PBXResourcesBuildPhase;
			buildActionMask = 2147483647;
			files = (
			);
			runOnlyForDeploymentPostprocessing = 0;
		};
/* End PBXResourcesBuildPhase section */

/* Begin PBXSourcesBuildPhase section */
		F1467488298993C3001E9CD8 /* Sources */ = {
			isa = PBXSourcesBuildPhase;
			buildActionMask = 2147483647;
			files = (
				F148B1B8298D70CA008AD592 /* GestureSwipeRight.swift in Sources */,
				F1467492298993C3001E9CD8 /* ContentView.swift in Sources */,
				F168175D298C354E0088AEEF /* CharView.swift in Sources */,
				F1305902298ACE9600C7615D /* RowsView.swift in Sources */,
				F13058FA298ACAF600C7615D /* ModelData.swift in Sources */,
				F1467490298993C3001E9CD8 /* TrackApp.swift in Sources */,
				F13058FC298ACB6400C7615D /* Row.swift in Sources */,
				F168175F298C36E70088AEEF /* CharRow.swift in Sources */,
				F14674BF2989A2BD001E9CD8 /* CoverButtons.swift in Sources */,
			);
			runOnlyForDeploymentPostprocessing = 0;
		};
		F1467498298993C5001E9CD8 /* Sources */ = {
			isa = PBXSourcesBuildPhase;
			buildActionMask = 2147483647;
			files = (
				F14674A1298993C5001E9CD8 /* TrackTests.swift in Sources */,
			);
			runOnlyForDeploymentPostprocessing = 0;
		};
		F14674A2298993C5001E9CD8 /* Sources */ = {
			isa = PBXSourcesBuildPhase;
			buildActionMask = 2147483647;
			files = (
				F14674AD298993C5001E9CD8 /* TrackUITestsLaunchTests.swift in Sources */,
				F14674AB298993C5001E9CD8 /* TrackUITests.swift in Sources */,
			);
			runOnlyForDeploymentPostprocessing = 0;
		};
/* End PBXSourcesBuildPhase section */

/* Begin PBXTargetDependency section */
		F146749E298993C5001E9CD8 /* PBXTargetDependency */ = {
			isa = PBXTargetDependency;
			target = F146748B298993C3001E9CD8 /* Track */;
			targetProxy = F146749D298993C5001E9CD8 /* PBXContainerItemProxy */;
		};
		F14674A8298993C5001E9CD8 /* PBXTargetDependency */ = {
			isa = PBXTargetDependency;
			target = F146748B298993C3001E9CD8 /* Track */;
			targetProxy = F14674A7298993C5001E9CD8 /* PBXContainerItemProxy */;
		};
/* End PBXTargetDependency section */

/* Begin XCBuildConfiguration section */
		F14674AE298993C5001E9CD8 /* Debug */ = {
			isa = XCBuildConfiguration;
			buildSettings = {
				ALWAYS_SEARCH_USER_PATHS = NO;
				CLANG_ANALYZER_NONNULL = YES;
				CLANG_ANALYZER_NUMBER_OBJECT_CONVERSION = YES_AGGRESSIVE;
				CLANG_CXX_LANGUAGE_STANDARD = "gnu++17";
				CLANG_ENABLE_MODULES = YES;
				CLANG_ENABLE_OBJC_ARC = YES;
				CLANG_ENABLE_OBJC_WEAK = YES;
				CLANG_WARN_BLOCK_CAPTURE_AUTORELEASING = YES;
				CLANG_WARN_BOOL_CONVERSION = YES;
				CLANG_WARN_COMMA = YES;
				CLANG_WARN_CONSTANT_CONVERSION = YES;
				CLANG_WARN_DEPRECATED_OBJC_IMPLEMENTATIONS = YES;
				CLANG_WARN_DIRECT_OBJC_ISA_USAGE = YES_ERROR;
				CLANG_WARN_DOCUMENTATION_COMMENTS = YES;
				CLANG_WARN_EMPTY_BODY = YES;
				CLANG_WARN_ENUM_CONVERSION = YES;
				CLANG_WARN_INFINITE_RECURSION = YES;
				CLANG_WARN_INT_CONVERSION = YES;
				CLANG_WARN_NON_LITERAL_NULL_CONVERSION = YES;
				CLANG_WARN_OBJC_IMPLICIT_RETAIN_SELF = YES;
				CLANG_WARN_OBJC_LITERAL_CONVERSION = YES;
				CLANG_WARN_OBJC_ROOT_CLASS = YES_ERROR;
				CLANG_WARN_QUOTED_INCLUDE_IN_FRAMEWORK_HEADER = YES;
				CLANG_WARN_RANGE_LOOP_ANALYSIS = YES;
				CLANG_WARN_STRICT_PROTOTYPES = YES;
				CLANG_WARN_SUSPICIOUS_MOVE = YES;
				CLANG_WARN_UNGUARDED_AVAILABILITY = YES_AGGRESSIVE;
				CLANG_WARN_UNREACHABLE_CODE = YES;
				CLANG_WARN__DUPLICATE_METHOD_MATCH = YES;
				COPY_PHASE_STRIP = NO;
				DEBUG_INFORMATION_FORMAT = dwarf;
				ENABLE_STRICT_OBJC_MSGSEND = YES;
				ENABLE_TESTABILITY = YES;
				GCC_C_LANGUAGE_STANDARD = gnu11;
				GCC_DYNAMIC_NO_PIC = NO;
				GCC_NO_COMMON_BLOCKS = YES;
				GCC_OPTIMIZATION_LEVEL = 0;
				GCC_PREPROCESSOR_DEFINITIONS = (
					"DEBUG=1",
					"$(inherited)",
				);
				GCC_WARN_64_TO_32_BIT_CONVERSION = YES;
				GCC_WARN_ABOUT_RETURN_TYPE = YES_ERROR;
				GCC_WARN_UNDECLARED_SELECTOR = YES;
				GCC_WARN_UNINITIALIZED_AUTOS = YES_AGGRESSIVE;
				GCC_WARN_UNUSED_FUNCTION = YES;
				GCC_WARN_UNUSED_VARIABLE = YES;
				IPHONEOS_DEPLOYMENT_TARGET = 15.5;
				MTL_ENABLE_DEBUG_INFO = INCLUDE_SOURCE;
				MTL_FAST_MATH = YES;
				ONLY_ACTIVE_ARCH = YES;
				SDKROOT = iphoneos;
				SWIFT_ACTIVE_COMPILATION_CONDITIONS = DEBUG;
				SWIFT_OPTIMIZATION_LEVEL = "-Onone";
			};
			name = Debug;
		};
		F14674AF298993C5001E9CD8 /* Release */ = {
			isa = XCBuildConfiguration;
			buildSettings = {
				ALWAYS_SEARCH_USER_PATHS = NO;
				CLANG_ANALYZER_NONNULL = YES;
				CLANG_ANALYZER_NUMBER_OBJECT_CONVERSION = YES_AGGRESSIVE;
				CLANG_CXX_LANGUAGE_STANDARD = "gnu++17";
				CLANG_ENABLE_MODULES = YES;
				CLANG_ENABLE_OBJC_ARC = YES;
				CLANG_ENABLE_OBJC_WEAK = YES;
				CLANG_WARN_BLOCK_CAPTURE_AUTORELEASING = YES;
				CLANG_WARN_BOOL_CONVERSION = YES;
				CLANG_WARN_COMMA = YES;
				CLANG_WARN_CONSTANT_CONVERSION = YES;
				CLANG_WARN_DEPRECATED_OBJC_IMPLEMENTATIONS = YES;
				CLANG_WARN_DIRECT_OBJC_ISA_USAGE = YES_ERROR;
				CLANG_WARN_DOCUMENTATION_COMMENTS = YES;
				CLANG_WARN_EMPTY_BODY = YES;
				CLANG_WARN_ENUM_CONVERSION = YES;
				CLANG_WARN_INFINITE_RECURSION = YES;
				CLANG_WARN_INT_CONVERSION = YES;
				CLANG_WARN_NON_LITERAL_NULL_CONVERSION = YES;
				CLANG_WARN_OBJC_IMPLICIT_RETAIN_SELF = YES;
				CLANG_WARN_OBJC_LITERAL_CONVERSION = YES;
				CLANG_WARN_OBJC_ROOT_CLASS = YES_ERROR;
				CLANG_WARN_QUOTED_INCLUDE_IN_FRAMEWORK_HEADER = YES;
				CLANG_WARN_RANGE_LOOP_ANALYSIS = YES;
				CLANG_WARN_STRICT_PROTOTYPES = YES;
				CLANG_WARN_SUSPICIOUS_MOVE = YES;
				CLANG_WARN_UNGUARDED_AVAILABILITY = YES_AGGRESSIVE;
				CLANG_WARN_UNREACHABLE_CODE = YES;
				CLANG_WARN__DUPLICATE_METHOD_MATCH = YES;
				COPY_PHASE_STRIP = NO;
				DEBUG_INFORMATION_FORMAT = "dwarf-with-dsym";
				ENABLE_NS_ASSERTIONS = NO;
				ENABLE_STRICT_OBJC_MSGSEND = YES;
				GCC_C_LANGUAGE_STANDARD = gnu11;
				GCC_NO_COMMON_BLOCKS = YES;
				GCC_WARN_64_TO_32_BIT_CONVERSION = YES;
				GCC_WARN_ABOUT_RETURN_TYPE = YES_ERROR;
				GCC_WARN_UNDECLARED_SELECTOR = YES;
				GCC_WARN_UNINITIALIZED_AUTOS = YES_AGGRESSIVE;
				GCC_WARN_UNUSED_FUNCTION = YES;
				GCC_WARN_UNUSED_VARIABLE = YES;
				IPHONEOS_DEPLOYMENT_TARGET = 15.5;
				MTL_ENABLE_DEBUG_INFO = NO;
				MTL_FAST_MATH = YES;
				SDKROOT = iphoneos;
				SWIFT_COMPILATION_MODE = wholemodule;
				SWIFT_OPTIMIZATION_LEVEL = "-O";
				VALIDATE_PRODUCT = YES;
			};
			name = Release;
		};
		F14674B1298993C5001E9CD8 /* Debug */ = {
			isa = XCBuildConfiguration;
			buildSettings = {
				ASSETCATALOG_COMPILER_APPICON_NAME = AppIcon;
				ASSETCATALOG_COMPILER_GLOBAL_ACCENT_COLOR_NAME = AccentColor;
				CODE_SIGN_STYLE = Automatic;
				CURRENT_PROJECT_VERSION = 1;
				DEVELOPMENT_ASSET_PATHS = "\"Track/Preview Content\"";
				DEVELOPMENT_TEAM = GQNGRP6D79;
				ENABLE_PREVIEWS = YES;
				GENERATE_INFOPLIST_FILE = YES;
				INFOPLIST_KEY_UIApplicationSceneManifest_Generation = YES;
				INFOPLIST_KEY_UIApplicationSupportsIndirectInputEvents = YES;
				INFOPLIST_KEY_UILaunchScreen_Generation = YES;
				INFOPLIST_KEY_UISupportedInterfaceOrientations_iPad = "UIInterfaceOrientationPortrait UIInterfaceOrientationPortraitUpsideDown UIInterfaceOrientationLandscapeLeft UIInterfaceOrientationLandscapeRight";
				INFOPLIST_KEY_UISupportedInterfaceOrientations_iPhone = "UIInterfaceOrientationPortrait UIInterfaceOrientationLandscapeLeft UIInterfaceOrientationLandscapeRight";
				LD_RUNPATH_SEARCH_PATHS = (
					"$(inherited)",
					"@executable_path/Frameworks",
				);
				MARKETING_VERSION = 1.0;
				PRODUCT_BUNDLE_IDENTIFIER = "com.danielle-maraffino.Track";
				PRODUCT_NAME = "$(TARGET_NAME)";
				SWIFT_EMIT_LOC_STRINGS = YES;
				SWIFT_VERSION = 5.0;
				TARGETED_DEVICE_FAMILY = "1,2";
			};
			name = Debug;
		};
		F14674B2298993C5001E9CD8 /* Release */ = {
			isa = XCBuildConfiguration;
			buildSettings = {
				ASSETCATALOG_COMPILER_APPICON_NAME = AppIcon;
				ASSETCATALOG_COMPILER_GLOBAL_ACCENT_COLOR_NAME = AccentColor;
				CODE_SIGN_STYLE = Automatic;
				CURRENT_PROJECT_VERSION = 1;
				DEVELOPMENT_ASSET_PATHS = "\"Track/Preview Content\"";
				DEVELOPMENT_TEAM = GQNGRP6D79;
				ENABLE_PREVIEWS = YES;
				GENERATE_INFOPLIST_FILE = YES;
				INFOPLIST_KEY_UIApplicationSceneManifest_Generation = YES;
				INFOPLIST_KEY_UIApplicationSupportsIndirectInputEvents = YES;
				INFOPLIST_KEY_UILaunchScreen_Generation = YES;
				INFOPLIST_KEY_UISupportedInterfaceOrientations_iPad = "UIInterfaceOrientationPortrait UIInterfaceOrientationPortraitUpsideDown UIInterfaceOrientationLandscapeLeft UIInterfaceOrientationLandscapeRight";
				INFOPLIST_KEY_UISupportedInterfaceOrientations_iPhone = "UIInterfaceOrientationPortrait UIInterfaceOrientationLandscapeLeft UIInterfaceOrientationLandscapeRight";
				LD_RUNPATH_SEARCH_PATHS = (
					"$(inherited)",
					"@executable_path/Frameworks",
				);
				MARKETING_VERSION = 1.0;
				PRODUCT_BUNDLE_IDENTIFIER = "com.danielle-maraffino.Track";
				PRODUCT_NAME = "$(TARGET_NAME)";
				SWIFT_EMIT_LOC_STRINGS = YES;
				SWIFT_VERSION = 5.0;
				TARGETED_DEVICE_FAMILY = "1,2";
			};
			name = Release;
		};
		F14674B4298993C5001E9CD8 /* Debug */ = {
			isa = XCBuildConfiguration;
			buildSettings = {
				ALWAYS_EMBED_SWIFT_STANDARD_LIBRARIES = YES;
				BUNDLE_LOADER = "$(TEST_HOST)";
				CODE_SIGN_STYLE = Automatic;
				CURRENT_PROJECT_VERSION = 1;
				DEVELOPMENT_TEAM = GQNGRP6D79;
				GENERATE_INFOPLIST_FILE = YES;
				IPHONEOS_DEPLOYMENT_TARGET = 15.5;
				MARKETING_VERSION = 1.0;
				PRODUCT_BUNDLE_IDENTIFIER = "com.danielle-maraffino.TrackTests";
				PRODUCT_NAME = "$(TARGET_NAME)";
				SWIFT_EMIT_LOC_STRINGS = NO;
				SWIFT_VERSION = 5.0;
				TARGETED_DEVICE_FAMILY = "1,2";
				TEST_HOST = "$(BUILT_PRODUCTS_DIR)/Track.app/Track";
			};
			name = Debug;
		};
		F14674B5298993C5001E9CD8 /* Release */ = {
			isa = XCBuildConfiguration;
			buildSettings = {
				ALWAYS_EMBED_SWIFT_STANDARD_LIBRARIES = YES;
				BUNDLE_LOADER = "$(TEST_HOST)";
				CODE_SIGN_STYLE = Automatic;
				CURRENT_PROJECT_VERSION = 1;
				DEVELOPMENT_TEAM = GQNGRP6D79;
				GENERATE_INFOPLIST_FILE = YES;
				IPHONEOS_DEPLOYMENT_TARGET = 15.5;
				MARKETING_VERSION = 1.0;
				PRODUCT_BUNDLE_IDENTIFIER = "com.danielle-maraffino.TrackTests";
				PRODUCT_NAME = "$(TARGET_NAME)";
				SWIFT_EMIT_LOC_STRINGS = NO;
				SWIFT_VERSION = 5.0;
				TARGETED_DEVICE_FAMILY = "1,2";
				TEST_HOST = "$(BUILT_PRODUCTS_DIR)/Track.app/Track";
			};
			name = Release;
		};
		F14674B7298993C5001E9CD8 /* Debug */ = {
			isa = XCBuildConfiguration;
			buildSettings = {
				ALWAYS_EMBED_SWIFT_STANDARD_LIBRARIES = YES;
				CODE_SIGN_STYLE = Automatic;
				CURRENT_PROJECT_VERSION = 1;
				DEVELOPMENT_TEAM = GQNGRP6D79;
				GENERATE_INFOPLIST_FILE = YES;
				MARKETING_VERSION = 1.0;
				PRODUCT_BUNDLE_IDENTIFIER = "com.danielle-maraffino.TrackUITests";
				PRODUCT_NAME = "$(TARGET_NAME)";
				SWIFT_EMIT_LOC_STRINGS = NO;
				SWIFT_VERSION = 5.0;
				TARGETED_DEVICE_FAMILY = "1,2";
				TEST_TARGET_NAME = Track;
			};
			name = Debug;
		};
		F14674B8298993C5001E9CD8 /* Release */ = {
			isa = XCBuildConfiguration;
			buildSettings = {
				ALWAYS_EMBED_SWIFT_STANDARD_LIBRARIES = YES;
				CODE_SIGN_STYLE = Automatic;
				CURRENT_PROJECT_VERSION = 1;
				DEVELOPMENT_TEAM = GQNGRP6D79;
				GENERATE_INFOPLIST_FILE = YES;
				MARKETING_VERSION = 1.0;
				PRODUCT_BUNDLE_IDENTIFIER = "com.danielle-maraffino.TrackUITests";
				PRODUCT_NAME = "$(TARGET_NAME)";
				SWIFT_EMIT_LOC_STRINGS = NO;
				SWIFT_VERSION = 5.0;
				TARGETED_DEVICE_FAMILY = "1,2";
				TEST_TARGET_NAME = Track;
			};
			name = Release;
		};
/* End XCBuildConfiguration section */

/* Begin XCConfigurationList section */
		F1467487298993C3001E9CD8 /* Build configuration list for PBXProject "Track" */ = {
			isa = XCConfigurationList;
			buildConfigurations = (
				F14674AE298993C5001E9CD8 /* Debug */,
				F14674AF298993C5001E9CD8 /* Release */,
			);
			defaultConfigurationIsVisible = 0;
			defaultConfigurationName = Release;
		};
		F14674B0298993C5001E9CD8 /* Build configuration list for PBXNativeTarget "Track" */ = {
			isa = XCConfigurationList;
			buildConfigurations = (
				F14674B1298993C5001E9CD8 /* Debug */,
				F14674B2298993C5001E9CD8 /* Release */,
			);
			defaultConfigurationIsVisible = 0;
			defaultConfigurationName = Release;
		};
		F14674B3298993C5001E9CD8 /* Build configuration list for PBXNativeTarget "TrackTests" */ = {
			isa = XCConfigurationList;
			buildConfigurations = (
				F14674B4298993C5001E9CD8 /* Debug */,
				F14674B5298993C5001E9CD8 /* Release */,
			);
			defaultConfigurationIsVisible = 0;
			defaultConfigurationName = Release;
		};
		F14674B6298993C5001E9CD8 /* Build configuration list for PBXNativeTarget "TrackUITests" */ = {
			isa = XCConfigurationList;
			buildConfigurations = (
				F14674B7298993C5001E9CD8 /* Debug */,
				F14674B8298993C5001E9CD8 /* Release */,
			);
			defaultConfigurationIsVisible = 0;
			defaultConfigurationName = Release;
		};
/* End XCConfigurationList section */
	};
	rootObject = F1467484298993C3001E9CD8 /* Project object */;
}
